// !$*UTF8*$!
{
	archiveVersion = 1;
	classes = {
	};
	objectVersion = 50;
	objects = {

/* Begin PBXBuildFile section */
		5E12B54E2316ECA80091A7CF /* AppDelegate.swift in Sources */ = {isa = PBXBuildFile; fileRef = 5E12B54D2316ECA80091A7CF /* AppDelegate.swift */; };
		5E12B5532316ECA80091A7CF /* Main.storyboard in Resources */ = {isa = PBXBuildFile; fileRef = 5E12B5512316ECA80091A7CF /* Main.storyboard */; };
		5E12B5552316ECAA0091A7CF /* Assets.xcassets in Resources */ = {isa = PBXBuildFile; fileRef = 5E12B5542316ECAA0091A7CF /* Assets.xcassets */; };
		5E12B5582316ECAA0091A7CF /* LaunchScreen.storyboard in Resources */ = {isa = PBXBuildFile; fileRef = 5E12B5562316ECAA0091A7CF /* LaunchScreen.storyboard */; };
		5E17D3C32317F40900D41893 /* CustomButton.swift in Sources */ = {isa = PBXBuildFile; fileRef = 5E17D3C22317F40900D41893 /* CustomButton.swift */; };
		5E17D3C62318090D00D41893 /* Detail.storyboard in Resources */ = {isa = PBXBuildFile; fileRef = 5E17D3C42318090D00D41893 /* Detail.storyboard */; };
		5E17D3C8231809DE00D41893 /* ComponentView.xib in Resources */ = {isa = PBXBuildFile; fileRef = 5E17D3C7231809DE00D41893 /* ComponentView.xib */; };
		5E17D3CA23180A3400D41893 /* ComponentView.swift in Sources */ = {isa = PBXBuildFile; fileRef = 5E17D3C923180A3400D41893 /* ComponentView.swift */; };
		5E91A5322320374F008D1355 /* ViewControllerLifecycleBehavior.swift in Sources */ = {isa = PBXBuildFile; fileRef = 5E91A5312320374F008D1355 /* ViewControllerLifecycleBehavior.swift */; };
		5E91A5522323B0FE008D1355 /* BenchmarkVC.swift in Sources */ = {isa = PBXBuildFile; fileRef = 5E91A5512323B0FE008D1355 /* BenchmarkVC.swift */; };
		5E91A5542323B7EA008D1355 /* ProfileVC.swift in Sources */ = {isa = PBXBuildFile; fileRef = 5E91A5532323B7EA008D1355 /* ProfileVC.swift */; };
		5E91A5562323D563008D1355 /* ThirdFeedVC.swift in Sources */ = {isa = PBXBuildFile; fileRef = 5E91A5552323D563008D1355 /* ThirdFeedVC.swift */; };
		5E91A5582323D5E8008D1355 /* SecondFeedVC.swift in Sources */ = {isa = PBXBuildFile; fileRef = 5E91A5572323D5E8008D1355 /* SecondFeedVC.swift */; };
/* End PBXBuildFile section */

/* Begin PBXFileReference section */
		5E12B54A2316ECA80091A7CF /* DZOtus_1.app */ = {isa = PBXFileReference; explicitFileType = wrapper.application; includeInIndex = 0; path = DZOtus_1.app; sourceTree = BUILT_PRODUCTS_DIR; };
		5E12B54D2316ECA80091A7CF /* AppDelegate.swift */ = {isa = PBXFileReference; lastKnownFileType = sourcecode.swift; path = AppDelegate.swift; sourceTree = "<group>"; };
		5E12B5522316ECA80091A7CF /* Base */ = {isa = PBXFileReference; lastKnownFileType = file.storyboard; name = Base; path = Base.lproj/Main.storyboard; sourceTree = "<group>"; };
		5E12B5542316ECAA0091A7CF /* Assets.xcassets */ = {isa = PBXFileReference; lastKnownFileType = folder.assetcatalog; path = Assets.xcassets; sourceTree = "<group>"; };
		5E12B5572316ECAA0091A7CF /* Base */ = {isa = PBXFileReference; lastKnownFileType = file.storyboard; name = Base; path = Base.lproj/LaunchScreen.storyboard; sourceTree = "<group>"; };
		5E12B5592316ECAA0091A7CF /* Info.plist */ = {isa = PBXFileReference; lastKnownFileType = text.plist.xml; path = Info.plist; sourceTree = "<group>"; };
		5E17D3C22317F40900D41893 /* CustomButton.swift */ = {isa = PBXFileReference; lastKnownFileType = sourcecode.swift; path = CustomButton.swift; sourceTree = "<group>"; };
		5E17D3C52318090D00D41893 /* Base */ = {isa = PBXFileReference; lastKnownFileType = file.storyboard; name = Base; path = DZOtus_1/Base.lproj/Detail.storyboard; sourceTree = "<group>"; };
		5E17D3C7231809DE00D41893 /* ComponentView.xib */ = {isa = PBXFileReference; lastKnownFileType = file.xib; path = ComponentView.xib; sourceTree = "<group>"; };
		5E17D3C923180A3400D41893 /* ComponentView.swift */ = {isa = PBXFileReference; lastKnownFileType = sourcecode.swift; path = ComponentView.swift; sourceTree = "<group>"; };
		5E91A5312320374F008D1355 /* ViewControllerLifecycleBehavior.swift */ = {isa = PBXFileReference; fileEncoding = 4; lastKnownFileType = sourcecode.swift; path = ViewControllerLifecycleBehavior.swift; sourceTree = "<group>"; };
		5E91A5512323B0FE008D1355 /* BenchmarkVC.swift */ = {isa = PBXFileReference; lastKnownFileType = sourcecode.swift; name = BenchmarkVC.swift; path = ../BenchmarkVC.swift; sourceTree = "<group>"; };
		5E91A5532323B7EA008D1355 /* ProfileVC.swift */ = {isa = PBXFileReference; lastKnownFileType = sourcecode.swift; name = ProfileVC.swift; path = ../ProfileVC.swift; sourceTree = "<group>"; };
		5E91A5552323D563008D1355 /* ThirdFeedVC.swift */ = {isa = PBXFileReference; lastKnownFileType = sourcecode.swift; path = ThirdFeedVC.swift; sourceTree = "<group>"; };
		5E91A5572323D5E8008D1355 /* SecondFeedVC.swift */ = {isa = PBXFileReference; lastKnownFileType = sourcecode.swift; path = SecondFeedVC.swift; sourceTree = "<group>"; };
/* End PBXFileReference section */

/* Begin PBXFrameworksBuildPhase section */
		5E12B5472316ECA80091A7CF /* Frameworks */ = {
			isa = PBXFrameworksBuildPhase;
			buildActionMask = 2147483647;
			files = (
			);
			runOnlyForDeploymentPostprocessing = 0;
		};
/* End PBXFrameworksBuildPhase section */

/* Begin PBXGroup section */
		5E12B5412316ECA70091A7CF = {
			isa = PBXGroup;
			children = (
				5E12B54C2316ECA80091A7CF /* DZOtus_1 */,
				5E12B54B2316ECA80091A7CF /* Products */,
			);
			sourceTree = "<group>";
		};
		5E12B54B2316ECA80091A7CF /* Products */ = {
			isa = PBXGroup;
			children = (
				5E12B54A2316ECA80091A7CF /* DZOtus_1.app */,
			);
			name = Products;
			sourceTree = "<group>";
		};
		5E12B54C2316ECA80091A7CF /* DZOtus_1 */ = {
			isa = PBXGroup;
			children = (
				5E12B54D2316ECA80091A7CF /* AppDelegate.swift */,
				5E12B5512316ECA80091A7CF /* Main.storyboard */,
				5E17D3C42318090D00D41893 /* Detail.storyboard */,
				5E91A5312320374F008D1355 /* ViewControllerLifecycleBehavior.swift */,
				5E91A530232034F7008D1355 /* CustomComponents */,
				5E12B5542316ECAA0091A7CF /* Assets.xcassets */,
				5E12B5562316ECAA0091A7CF /* LaunchScreen.storyboard */,
				5E12B5592316ECAA0091A7CF /* Info.plist */,
			);
			path = DZOtus_1;
			sourceTree = "<group>";
		};
		5E91A530232034F7008D1355 /* CustomComponents */ = {
			isa = PBXGroup;
			children = (
				5E91A5552323D563008D1355 /* ThirdFeedVC.swift */,
				5E91A5572323D5E8008D1355 /* SecondFeedVC.swift */,
				5E91A5532323B7EA008D1355 /* ProfileVC.swift */,
				5E91A5512323B0FE008D1355 /* BenchmarkVC.swift */,
				5E17D3C7231809DE00D41893 /* ComponentView.xib */,
				5E17D3C923180A3400D41893 /* ComponentView.swift */,
				5E17D3C22317F40900D41893 /* CustomButton.swift */,
			);
			path = CustomComponents;
			sourceTree = "<group>";
		};
/* End PBXGroup section */

/* Begin PBXNativeTarget section */
		5E12B5492316ECA80091A7CF /* DZOtus_1 */ = {
			isa = PBXNativeTarget;
			buildConfigurationList = 5E12B55C2316ECAA0091A7CF /* Build configuration list for PBXNativeTarget "DZOtus_1" */;
			buildPhases = (
				5E12B5462316ECA70091A7CF /* Sources */,
				5E12B5472316ECA80091A7CF /* Frameworks */,
				5E12B5482316ECA80091A7CF /* Resources */,
			);
			buildRules = (
			);
			dependencies = (
			);
			name = DZOtus_1;
			productName = DZOtus_1;
			productReference = 5E12B54A2316ECA80091A7CF /* DZOtus_1.app */;
			productType = "com.apple.product-type.application";
		};
/* End PBXNativeTarget section */

/* Begin PBXProject section */
		5E12B5422316ECA70091A7CF /* Project object */ = {
			isa = PBXProject;
			attributes = {
				LastSwiftUpdateCheck = 1030;
				LastUpgradeCheck = 1030;
				ORGANIZATIONNAME = "Georgy Khaydenko";
				TargetAttributes = {
					5E12B5492316ECA80091A7CF = {
						CreatedOnToolsVersion = 10.3;
					};
				};
			};
			buildConfigurationList = 5E12B5452316ECA70091A7CF /* Build configuration list for PBXProject "DZOtus_1" */;
			compatibilityVersion = "Xcode 9.3";
			developmentRegion = en;
			hasScannedForEncodings = 0;
			knownRegions = (
				en,
				Base,
			);
			mainGroup = 5E12B5412316ECA70091A7CF;
			productRefGroup = 5E12B54B2316ECA80091A7CF /* Products */;
			projectDirPath = "";
			projectRoot = "";
			targets = (
				5E12B5492316ECA80091A7CF /* DZOtus_1 */,
			);
		};
/* End PBXProject section */

/* Begin PBXResourcesBuildPhase section */
		5E12B5482316ECA80091A7CF /* Resources */ = {
			isa = PBXResourcesBuildPhase;
			buildActionMask = 2147483647;
			files = (
				5E12B5582316ECAA0091A7CF /* LaunchScreen.storyboard in Resources */,
				5E12B5552316ECAA0091A7CF /* Assets.xcassets in Resources */,
				5E12B5532316ECA80091A7CF /* Main.storyboard in Resources */,
				5E17D3C62318090D00D41893 /* Detail.storyboard in Resources */,
				5E17D3C8231809DE00D41893 /* ComponentView.xib in Resources */,
			);
			runOnlyForDeploymentPostprocessing = 0;
		};
/* End PBXResourcesBuildPhase section */

/* Begin PBXSourcesBuildPhase section */
		5E12B5462316ECA70091A7CF /* Sources */ = {
			isa = PBXSourcesBuildPhase;
			buildActionMask = 2147483647;
			files = (
				5E91A5542323B7EA008D1355 /* ProfileVC.swift in Sources */,
				5E17D3CA23180A3400D41893 /* ComponentView.swift in Sources */,
				5E91A5522323B0FE008D1355 /* BenchmarkVC.swift in Sources */,
				5E12B54E2316ECA80091A7CF /* AppDelegate.swift in Sources */,
				5E17D3C32317F40900D41893 /* CustomButton.swift in Sources */,
				5E91A5562323D563008D1355 /* ThirdFeedVC.swift in Sources */,
				5E91A5582323D5E8008D1355 /* SecondFeedVC.swift in Sources */,
				5E91A5322320374F008D1355 /* ViewControllerLifecycleBehavior.swift in Sources */,
			);
			runOnlyForDeploymentPostprocessing = 0;
		};
/* End PBXSourcesBuildPhase section */

/* Begin PBXVariantGroup section */
		5E12B5512316ECA80091A7CF /* Main.storyboard */ = {
			isa = PBXVariantGroup;
			children = (
				5E12B5522316ECA80091A7CF /* Base */,
			);
			name = Main.storyboard;
			sourceTree = "<group>";
		};
		5E12B5562316ECAA0091A7CF /* LaunchScreen.storyboard */ = {
			isa = PBXVariantGroup;
			children = (
				5E12B5572316ECAA0091A7CF /* Base */,
			);
			name = LaunchScreen.storyboard;
			sourceTree = "<group>";
		};
		5E17D3C42318090D00D41893 /* Detail.storyboard */ = {
			isa = PBXVariantGroup;
			children = (
				5E17D3C52318090D00D41893 /* Base */,
			);
			name = Detail.storyboard;
			sourceTree = "<group>";
		};
/* End PBXVariantGroup section */

/* Begin XCBuildConfiguration section */
		5E12B55A2316ECAA0091A7CF /* Debug */ = {
			isa = XCBuildConfiguration;
			buildSettings = {
				ALWAYS_SEARCH_USER_PATHS = NO;
				CLANG_ANALYZER_NONNULL = YES;
				CLANG_ANALYZER_NUMBER_OBJECT_CONVERSION = YES_AGGRESSIVE;
				CLANG_CXX_LANGUAGE_STANDARD = "gnu++14";
				CLANG_CXX_LIBRARY = "libc++";
				CLANG_ENABLE_MODULES = YES;
				CLANG_ENABLE_OBJC_ARC = YES;
				CLANG_ENABLE_OBJC_WEAK = YES;
				CLANG_WARN_BLOCK_CAPTURE_AUTORELEASING = YES;
				CLANG_WARN_BOOL_CONVERSION = YES;
				CLANG_WARN_COMMA = YES;
				CLANG_WARN_CONSTANT_CONVERSION = YES;
				CLANG_WARN_DEPRECATED_OBJC_IMPLEMENTATIONS = YES;
				CLANG_WARN_DIRECT_OBJC_ISA_USAGE = YES_ERROR;
				CLANG_WARN_DOCUMENTATION_COMMENTS = YES;
				CLANG_WARN_EMPTY_BODY = YES;
				CLANG_WARN_ENUM_CONVERSION = YES;
				CLANG_WARN_INFINITE_RECURSION = YES;
				CLANG_WARN_INT_CONVERSION = YES;
				CLANG_WARN_NON_LITERAL_NULL_CONVERSION = YES;
				CLANG_WARN_OBJC_IMPLICIT_RETAIN_SELF = YES;
				CLANG_WARN_OBJC_LITERAL_CONVERSION = YES;
				CLANG_WARN_OBJC_ROOT_CLASS = YES_ERROR;
				CLANG_WARN_RANGE_LOOP_ANALYSIS = YES;
				CLANG_WARN_STRICT_PROTOTYPES = YES;
				CLANG_WARN_SUSPICIOUS_MOVE = YES;
				CLANG_WARN_UNGUARDED_AVAILABILITY = YES_AGGRESSIVE;
				CLANG_WARN_UNREACHABLE_CODE = YES;
				CLANG_WARN__DUPLICATE_METHOD_MATCH = YES;
				CODE_SIGN_IDENTITY = "iPhone Developer";
				COPY_PHASE_STRIP = NO;
				DEBUG_INFORMATION_FORMAT = dwarf;
				ENABLE_STRICT_OBJC_MSGSEND = YES;
				ENABLE_TESTABILITY = YES;
				GCC_C_LANGUAGE_STANDARD = gnu11;
				GCC_DYNAMIC_NO_PIC = NO;
				GCC_NO_COMMON_BLOCKS = YES;
				GCC_OPTIMIZATION_LEVEL = 0;
				GCC_PREPROCESSOR_DEFINITIONS = (
					"DEBUG=1",
					"$(inherited)",
				);
				GCC_WARN_64_TO_32_BIT_CONVERSION = YES;
				GCC_WARN_ABOUT_RETURN_TYPE = YES_ERROR;
				GCC_WARN_UNDECLARED_SELECTOR = YES;
				GCC_WARN_UNINITIALIZED_AUTOS = YES_AGGRESSIVE;
				GCC_WARN_UNUSED_FUNCTION = YES;
				GCC_WARN_UNUSED_VARIABLE = YES;
				IPHONEOS_DEPLOYMENT_TARGET = 12.4;
				MTL_ENABLE_DEBUG_INFO = INCLUDE_SOURCE;
				MTL_FAST_MATH = YES;
				ONLY_ACTIVE_ARCH = YES;
				SDKROOT = iphoneos;
				SWIFT_ACTIVE_COMPILATION_CONDITIONS = DEBUG;
				SWIFT_OPTIMIZATION_LEVEL = "-Onone";
			};
			name = Debug;
		};
		5E12B55B2316ECAA0091A7CF /* Release */ = {
			isa = XCBuildConfiguration;
			buildSettings = {
				ALWAYS_SEARCH_USER_PATHS = NO;
				CLANG_ANALYZER_NONNULL = YES;
				CLANG_ANALYZER_NUMBER_OBJECT_CONVERSION = YES_AGGRESSIVE;
				CLANG_CXX_LANGUAGE_STANDARD = "gnu++14";
				CLANG_CXX_LIBRARY = "libc++";
				CLANG_ENABLE_MODULES = YES;
				CLANG_ENABLE_OBJC_ARC = YES;
				CLANG_ENABLE_OBJC_WEAK = YES;
				CLANG_WARN_BLOCK_CAPTURE_AUTORELEASING = YES;
				CLANG_WARN_BOOL_CONVERSION = YES;
				CLANG_WARN_COMMA = YES;
				CLANG_WARN_CONSTANT_CONVERSION = YES;
				CLANG_WARN_DEPRECATED_OBJC_IMPLEMENTATIONS = YES;
				CLANG_WARN_DIRECT_OBJC_ISA_USAGE = YES_ERROR;
				CLANG_WARN_DOCUMENTATION_COMMENTS = YES;
				CLANG_WARN_EMPTY_BODY = YES;
				CLANG_WARN_ENUM_CONVERSION = YES;
				CLANG_WARN_INFINITE_RECURSION = YES;
				CLANG_WARN_INT_CONVERSION = YES;
				CLANG_WARN_NON_LITERAL_NULL_CONVERSION = YES;
				CLANG_WARN_OBJC_IMPLICIT_RETAIN_SELF = YES;
				CLANG_WARN_OBJC_LITERAL_CONVERSION = YES;
				CLANG_WARN_OBJC_ROOT_CLASS = YES_ERROR;
				CLANG_WARN_RANGE_LOOP_ANALYSIS = YES;
				CLANG_WARN_STRICT_PROTOTYPES = YES;
				CLANG_WARN_SUSPICIOUS_MOVE = YES;
				CLANG_WARN_UNGUARDED_AVAILABILITY = YES_AGGRESSIVE;
				CLANG_WARN_UNREACHABLE_CODE = YES;
				CLANG_WARN__DUPLICATE_METHOD_MATCH = YES;
				CODE_SIGN_IDENTITY = "iPhone Developer";
				COPY_PHASE_STRIP = NO;
				DEBUG_INFORMATION_FORMAT = "dwarf-with-dsym";
				ENABLE_NS_ASSERTIONS = NO;
				ENABLE_STRICT_OBJC_MSGSEND = YES;
				GCC_C_LANGUAGE_STANDARD = gnu11;
				GCC_NO_COMMON_BLOCKS = YES;
				GCC_WARN_64_TO_32_BIT_CONVERSION = YES;
				GCC_WARN_ABOUT_RETURN_TYPE = YES_ERROR;
				GCC_WARN_UNDECLARED_SELECTOR = YES;
				GCC_WARN_UNINITIALIZED_AUTOS = YES_AGGRESSIVE;
				GCC_WARN_UNUSED_FUNCTION = YES;
				GCC_WARN_UNUSED_VARIABLE = YES;
				IPHONEOS_DEPLOYMENT_TARGET = 12.4;
				MTL_ENABLE_DEBUG_INFO = NO;
				MTL_FAST_MATH = YES;
				SDKROOT = iphoneos;
				SWIFT_COMPILATION_MODE = wholemodule;
				SWIFT_OPTIMIZATION_LEVEL = "-O";
				VALIDATE_PRODUCT = YES;
			};
			name = Release;
		};
		5E12B55D2316ECAA0091A7CF /* Debug */ = {
			isa = XCBuildConfiguration;
			buildSettings = {
				ASSETCATALOG_COMPILER_APPICON_NAME = AppIcon;
				CODE_SIGN_STYLE = Automatic;
				DEVELOPMENT_TEAM = UBXSN34678;
				INFOPLIST_FILE = DZOtus_1/Info.plist;
				LD_RUNPATH_SEARCH_PATHS = (
					"$(inherited)",
					"@executable_path/Frameworks",
				);
				PRODUCT_BUNDLE_IDENTIFIER = "com.jesterix.DZOtus-1";
				PRODUCT_NAME = "$(TARGET_NAME)";
				SWIFT_VERSION = 5.0;
				TARGETED_DEVICE_FAMILY = "1,2";
			};
			name = Debug;
		};
		5E12B55E2316ECAA0091A7CF /* Release */ = {
			isa = XCBuildConfiguration;
			buildSettings = {
				ASSETCATALOG_COMPILER_APPICON_NAME = AppIcon;
				CODE_SIGN_STYLE = Automatic;
				DEVELOPMENT_TEAM = UBXSN34678;
				INFOPLIST_FILE = DZOtus_1/Info.plist;
				LD_RUNPATH_SEARCH_PATHS = (
					"$(inherited)",
					"@executable_path/Frameworks",
				);
				PRODUCT_BUNDLE_IDENTIFIER = "com.jesterix.DZOtus-1";
				PRODUCT_NAME = "$(TARGET_NAME)";
				SWIFT_VERSION = 5.0;
				TARGETED_DEVICE_FAMILY = "1,2";
			};
			name = Release;
		};
/* End XCBuildConfiguration section */

/* Begin XCConfigurationList section */
		5E12B5452316ECA70091A7CF /* Build configuration list for PBXProject "DZOtus_1" */ = {
			isa = XCConfigurationList;
			buildConfigurations = (
				5E12B55A2316ECAA0091A7CF /* Debug */,
				5E12B55B2316ECAA0091A7CF /* Release */,
			);
			defaultConfigurationIsVisible = 0;
			defaultConfigurationName = Release;
		};
		5E12B55C2316ECAA0091A7CF /* Build configuration list for PBXNativeTarget "DZOtus_1" */ = {
			isa = XCConfigurationList;
			buildConfigurations = (
				5E12B55D2316ECAA0091A7CF /* Debug */,
				5E12B55E2316ECAA0091A7CF /* Release */,
			);
			defaultConfigurationIsVisible = 0;
			defaultConfigurationName = Release;
		};
/* End XCConfigurationList section */
	};
	rootObject = 5E12B5422316ECA70091A7CF /* Project object */;
}
